{
  "pins" : [
    {
      "identity" : "appauth-ios",
      "kind" : "remoteSourceControl",
      "location" : "https://github.com/openid/AppAuth-iOS.git",
      "state" : {
        "revision" : "71cde449f13d453227e687458144bde372d30fc7",
        "version" : "1.6.2"
      }
    },
    {
      "identity" : "googlesignin-ios",
      "kind" : "remoteSourceControl",
      "location" : "https://github.com/google/GoogleSignIn-iOS",
      "state" : {
        "revision" : "7932d33686c1dc4d7df7a919aae47361d1cdfda4",
        "version" : "7.0.0"
      }
    },
    {
      "identity" : "gtm-session-fetcher",
      "kind" : "remoteSourceControl",
      "location" : "https://github.com/google/gtm-session-fetcher.git",
      "state" : {
        "revision" : "d415594121c9e8a4f9d79cecee0965cf35e74dbd",
        "version" : "3.1.1"
      }
    },
    {
      "identity" : "gtmappauth",
      "kind" : "remoteSourceControl",
      "location" : "https://github.com/google/GTMAppAuth.git",
      "state" : {
        "revision" : "cee3c709307912d040bd1e06ca919875a92339c6",
        "version" : "2.0.0"
      }
    },
    {
      "identity" : "mbprogresshud",
      "kind" : "remoteSourceControl",
      "location" : "https://github.com/jdg/MBProgressHUD.git",
      "state" : {
        "revision" : "bca42b801100b2b3a4eda0ba8dd33d858c780b0d",
        "version" : "1.2.0"
      }
    },
    {
      "identity" : "reachability.swift",
      "kind" : "remoteSourceControl",
      "location" : "https://github.com/ashleymills/Reachability.swift.git",
      "state" : {
        "branch" : "master",
        "revision" : "c01127cb51f591045696128effe43c16840d08bf"
      }
    },
    {
      "identity" : "svprogresshud",
      "kind" : "remoteSourceControl",
      "location" : "https://github.com/SVProgressHUD/SVProgressHUD.git",
      "state" : {
        "revision" : "c33f7c775ba7feea6047a1fc3257f2e5863b44f7",
        "version" : "2.3.1"
      }
    },
    {
      "identity" : "swiftqrcodescanner",
      "kind" : "remoteSourceControl",
      "location" : "https://github.com/vinodiOS/SwiftQRCodeScanner.git",
      "state" : {
        "revision" : "bfaa2885e836dddcb25fbfefada908377344880b",
        "version" : "1.1.5"
      }
    }
  ],
  "version" : 2
}
